{
  "version": 4,
  "terraform_version": "0.12.21",
  "serial": 80,
  "lineage": "4dc79c41-1367-c7af-402f-b0986e238220",
  "outputs": {
    "externalip": {
      "value": [
        "34.93.230.215"
      ],
      "type": [
        "tuple",
        [
          "string"
        ]
      ]
    },
    "externalip_worker": {
      "value": [
        "34.93.72.21",
        "34.93.121.216"
      ],
      "type": [
        "tuple",
        [
          "string",
          "string"
        ]
      ]
    },
    "out1": {
      "value": "test",
      "type": "string"
    }
  },
  "resources": [
    {
      "mode": "managed",
      "type": "google_compute_instance",
      "name": "master",
      "each": "list",
      "provider": "provider.google",
      "instances": [
        {
          "index_key": 0,
          "schema_version": 6,
          "attributes": {
            "allow_stopping_for_update": null,
            "attached_disk": [],
            "boot_disk": [
              {
                "auto_delete": true,
                "device_name": "persistent-disk-0",
                "disk_encryption_key_raw": "",
                "disk_encryption_key_sha256": "",
                "initialize_params": [
                  {
                    "image": "https://www.googleapis.com/compute/v1/projects/centos-cloud/global/images/centos-7-v20200205",
                    "labels": {},
                    "size": 10,
                    "type": "pd-standard"
                  }
                ],
                "kms_key_self_link": "",
                "mode": "READ_WRITE",
                "source": "https://www.googleapis.com/compute/v1/projects/first-project-269313/zones/asia-south1-a/disks/master"
              }
            ],
            "can_ip_forward": false,
            "cpu_platform": "Intel Skylake",
            "deletion_protection": false,
            "description": "",
            "enable_display": false,
            "guest_accelerator": [],
            "hostname": "",
            "id": "projects/first-project-269313/zones/asia-south1-a/instances/master",
            "instance_id": "4943026516793321731",
            "label_fingerprint": "42WmSpB8rSM=",
            "labels": null,
            "machine_type": "n1-standard-2",
            "metadata": {
              "name": "nginx",
              "ssh-keys": "kiran:ssh-rsa AAAAB3NzaC1yc2EAAAABJQAAAQBNiavO1c3VTPVKYpAUOoG1lRhiZLCxIO3KTHcdXzsGegXBBTzaq5vO96BjmWas9vjpCbIa0MGkRsV9SoQVG9YwIPF7tAuVOi9iQ0hB+VTM094QL6/vGUqthna7MfdIMq1FjlUuMpXbLp7DOFDFLRaQYeEGR6R3BQ4ieC8vmD1A/RDd1KlO4pxuu6POS04q02WaoDMqOpslgDLzO74jIpnRJoezd8I5olOSkb66dGyAE6HT5szOZRatXN7na75EUgxn95NGgI8xIRtxYc0o5Q8lzcxSiBoQegscEb5rBT/u+ttD0OY8q2cYW+vkbaLdkacg3Y+qs9WDLKzzwzRSF0oT kiran"
            },
            "metadata_fingerprint": "4fVhmjrTTI0=",
            "metadata_startup_script": "",
            "min_cpu_platform": "",
            "name": "master",
            "network_interface": [
              {
                "access_config": [
                  {
                    "nat_ip": "34.93.230.215",
                    "network_tier": "PREMIUM",
                    "public_ptr_domain_name": ""
                  }
                ],
                "alias_ip_range": [],
                "name": "nic0",
                "network": "https://www.googleapis.com/compute/v1/projects/first-project-269313/global/networks/default",
                "network_ip": "10.160.15.212",
                "subnetwork": "https://www.googleapis.com/compute/v1/projects/first-project-269313/regions/asia-south1/subnetworks/default",
                "subnetwork_project": "first-project-269313"
              }
            ],
            "project": "first-project-269313",
            "scheduling": [
              {
                "automatic_restart": true,
                "node_affinities": [],
                "on_host_maintenance": "MIGRATE",
                "preemptible": false
              }
            ],
            "scratch_disk": [
              {
                "interface": "SCSI"
              }
            ],
            "self_link": "https://www.googleapis.com/compute/v1/projects/first-project-269313/zones/asia-south1-a/instances/master",
            "service_account": [
              {
                "email": "440789852219-compute@developer.gserviceaccount.com",
                "scopes": [
                  "https://www.googleapis.com/auth/compute.readonly",
                  "https://www.googleapis.com/auth/devstorage.read_only",
                  "https://www.googleapis.com/auth/userinfo.email"
                ]
              }
            ],
            "shielded_instance_config": [],
            "tags": [
              "k8s",
              "master"
            ],
            "tags_fingerprint": "1wSeLcVrspg=",
            "timeouts": null,
            "zone": "asia-south1-a"
          },
          "private": "eyJlMmJmYjczMC1lY2FhLTExZTYtOGY4OC0zNDM2M2JjN2M0YzAiOnsiY3JlYXRlIjoxMjAwMDAwMDAwMDAwLCJkZWxldGUiOjEyMDAwMDAwMDAwMDAsInVwZGF0ZSI6MTIwMDAwMDAwMDAwMH0sInNjaGVtYV92ZXJzaW9uIjoiNiJ9"
        }
      ]
    },
    {
      "mode": "managed",
      "type": "google_compute_instance",
      "name": "worker",
      "each": "list",
      "provider": "provider.google",
      "instances": [
        {
          "index_key": 0,
          "schema_version": 6,
          "attributes": {
            "allow_stopping_for_update": null,
            "attached_disk": [],
            "boot_disk": [
              {
                "auto_delete": true,
                "device_name": "persistent-disk-0",
                "disk_encryption_key_raw": "",
                "disk_encryption_key_sha256": "",
                "initialize_params": [
                  {
                    "image": "https://www.googleapis.com/compute/v1/projects/centos-cloud/global/images/centos-7-v20200205",
                    "labels": {},
                    "size": 10,
                    "type": "pd-standard"
                  }
                ],
                "kms_key_self_link": "",
                "mode": "READ_WRITE",
                "source": "https://www.googleapis.com/compute/v1/projects/first-project-269313/zones/asia-south1-a/disks/worker1"
              }
            ],
            "can_ip_forward": false,
            "cpu_platform": "Intel Skylake",
            "deletion_protection": false,
            "description": "",
            "enable_display": false,
            "guest_accelerator": [],
            "hostname": "",
            "id": "projects/first-project-269313/zones/asia-south1-a/instances/worker1",
            "instance_id": "4029944820742842627",
            "label_fingerprint": "42WmSpB8rSM=",
            "labels": null,
            "machine_type": "n1-standard-1",
            "metadata": {
              "name": "nginx",
              "ssh-keys": "kiran:ssh-rsa AAAAB3NzaC1yc2EAAAABJQAAAQBNiavO1c3VTPVKYpAUOoG1lRhiZLCxIO3KTHcdXzsGegXBBTzaq5vO96BjmWas9vjpCbIa0MGkRsV9SoQVG9YwIPF7tAuVOi9iQ0hB+VTM094QL6/vGUqthna7MfdIMq1FjlUuMpXbLp7DOFDFLRaQYeEGR6R3BQ4ieC8vmD1A/RDd1KlO4pxuu6POS04q02WaoDMqOpslgDLzO74jIpnRJoezd8I5olOSkb66dGyAE6HT5szOZRatXN7na75EUgxn95NGgI8xIRtxYc0o5Q8lzcxSiBoQegscEb5rBT/u+ttD0OY8q2cYW+vkbaLdkacg3Y+qs9WDLKzzwzRSF0oT kiran"
            },
            "metadata_fingerprint": "4fVhmjrTTI0=",
            "metadata_startup_script": "",
            "min_cpu_platform": "",
            "name": "worker1",
            "network_interface": [
              {
                "access_config": [
                  {
                    "nat_ip": "34.93.72.21",
                    "network_tier": "PREMIUM",
                    "public_ptr_domain_name": ""
                  }
                ],
                "alias_ip_range": [],
                "name": "nic0",
                "network": "https://www.googleapis.com/compute/v1/projects/first-project-269313/global/networks/default",
                "network_ip": "10.160.15.213",
                "subnetwork": "https://www.googleapis.com/compute/v1/projects/first-project-269313/regions/asia-south1/subnetworks/default",
                "subnetwork_project": "first-project-269313"
              }
            ],
            "project": "first-project-269313",
            "scheduling": [
              {
                "automatic_restart": true,
                "node_affinities": [],
                "on_host_maintenance": "MIGRATE",
                "preemptible": false
              }
            ],
            "scratch_disk": [
              {
                "interface": "SCSI"
              }
            ],
            "self_link": "https://www.googleapis.com/compute/v1/projects/first-project-269313/zones/asia-south1-a/instances/worker1",
            "service_account": [
              {
                "email": "440789852219-compute@developer.gserviceaccount.com",
                "scopes": [
                  "https://www.googleapis.com/auth/compute.readonly",
                  "https://www.googleapis.com/auth/devstorage.read_only",
                  "https://www.googleapis.com/auth/userinfo.email"
                ]
              }
            ],
            "shielded_instance_config": [],
            "tags": [
              "k8s",
              "worker"
            ],
            "tags_fingerprint": "Mpmv-cTfSaQ=",
            "timeouts": null,
            "zone": "asia-south1-a"
          },
          "private": "eyJlMmJmYjczMC1lY2FhLTExZTYtOGY4OC0zNDM2M2JjN2M0YzAiOnsiY3JlYXRlIjoxMjAwMDAwMDAwMDAwLCJkZWxldGUiOjEyMDAwMDAwMDAwMDAsInVwZGF0ZSI6MTIwMDAwMDAwMDAwMH0sInNjaGVtYV92ZXJzaW9uIjoiNiJ9"
        },
        {
          "index_key": 1,
          "schema_version": 6,
          "attributes": {
            "allow_stopping_for_update": null,
            "attached_disk": [],
            "boot_disk": [
              {
                "auto_delete": true,
                "device_name": "persistent-disk-0",
                "disk_encryption_key_raw": "",
                "disk_encryption_key_sha256": "",
                "initialize_params": [
                  {
                    "image": "https://www.googleapis.com/compute/v1/projects/centos-cloud/global/images/centos-7-v20200205",
                    "labels": {},
                    "size": 10,
                    "type": "pd-standard"
                  }
                ],
                "kms_key_self_link": "",
                "mode": "READ_WRITE",
                "source": "https://www.googleapis.com/compute/v1/projects/first-project-269313/zones/asia-south1-a/disks/worker2"
              }
            ],
            "can_ip_forward": false,
            "cpu_platform": "Intel Skylake",
            "deletion_protection": false,
            "description": "",
            "enable_display": false,
            "guest_accelerator": [],
            "hostname": "",
            "id": "projects/first-project-269313/zones/asia-south1-a/instances/worker2",
            "instance_id": "924930761361811715",
            "label_fingerprint": "42WmSpB8rSM=",
            "labels": null,
            "machine_type": "n1-standard-1",
            "metadata": {
              "name": "nginx",
              "ssh-keys": "kiran:ssh-rsa AAAAB3NzaC1yc2EAAAABJQAAAQBNiavO1c3VTPVKYpAUOoG1lRhiZLCxIO3KTHcdXzsGegXBBTzaq5vO96BjmWas9vjpCbIa0MGkRsV9SoQVG9YwIPF7tAuVOi9iQ0hB+VTM094QL6/vGUqthna7MfdIMq1FjlUuMpXbLp7DOFDFLRaQYeEGR6R3BQ4ieC8vmD1A/RDd1KlO4pxuu6POS04q02WaoDMqOpslgDLzO74jIpnRJoezd8I5olOSkb66dGyAE6HT5szOZRatXN7na75EUgxn95NGgI8xIRtxYc0o5Q8lzcxSiBoQegscEb5rBT/u+ttD0OY8q2cYW+vkbaLdkacg3Y+qs9WDLKzzwzRSF0oT kiran"
            },
            "metadata_fingerprint": "4fVhmjrTTI0=",
            "metadata_startup_script": "",
            "min_cpu_platform": "",
            "name": "worker2",
            "network_interface": [
              {
                "access_config": [
                  {
                    "nat_ip": "34.93.121.216",
                    "network_tier": "PREMIUM",
                    "public_ptr_domain_name": ""
                  }
                ],
                "alias_ip_range": [],
                "name": "nic0",
                "network": "https://www.googleapis.com/compute/v1/projects/first-project-269313/global/networks/default",
                "network_ip": "10.160.15.214",
                "subnetwork": "https://www.googleapis.com/compute/v1/projects/first-project-269313/regions/asia-south1/subnetworks/default",
                "subnetwork_project": "first-project-269313"
              }
            ],
            "project": "first-project-269313",
            "scheduling": [
              {
                "automatic_restart": true,
                "node_affinities": [],
                "on_host_maintenance": "MIGRATE",
                "preemptible": false
              }
            ],
            "scratch_disk": [
              {
                "interface": "SCSI"
              }
            ],
            "self_link": "https://www.googleapis.com/compute/v1/projects/first-project-269313/zones/asia-south1-a/instances/worker2",
            "service_account": [
              {
                "email": "440789852219-compute@developer.gserviceaccount.com",
                "scopes": [
                  "https://www.googleapis.com/auth/compute.readonly",
                  "https://www.googleapis.com/auth/devstorage.read_only",
                  "https://www.googleapis.com/auth/userinfo.email"
                ]
              }
            ],
            "shielded_instance_config": [],
            "tags": [
              "k8s",
              "worker"
            ],
            "tags_fingerprint": "Mpmv-cTfSaQ=",
            "timeouts": null,
            "zone": "asia-south1-a"
          },
          "private": "eyJlMmJmYjczMC1lY2FhLTExZTYtOGY4OC0zNDM2M2JjN2M0YzAiOnsiY3JlYXRlIjoxMjAwMDAwMDAwMDAwLCJkZWxldGUiOjEyMDAwMDAwMDAwMDAsInVwZGF0ZSI6MTIwMDAwMDAwMDAwMH0sInNjaGVtYV92ZXJzaW9uIjoiNiJ9"
        }
      ]
    }
  ]
}
